
Microsoft Visual Studio Solution File, Format Version 12.00
# Visual Studio Version 17
VisualStudioVersion = 17.14.35821.62 d17.14
MinimumVisualStudioVersion = 10.0.40219.1
Project("{8BC9CEB8-8B4A-11D0-8D11-00A0C91BC942}") = "职工管理系统", "职工管理系统\职工管理系统.vcxproj", "{B8BB88A9-46F9-4278-8D33-4C68809D2719}"
EndProject
Global
	GlobalSection(SolutionConfigurationPlatforms) = preSolution
		Debug|x64 = Debug|x64
		Debug|x86 = Debug|x86
		Release|x64 = Release|x64
		Release|x86 = Release|x86
	EndGlobalSection
	GlobalSection(ProjectConfigurationPlatforms) = postSolution
		{B8BB88A9-46F9-4278-8D33-4C68809D2719}.Debug|x64.ActiveCfg = Debug|x64
		{B8BB88A9-46F9-4278-8D33-4C68809D2719}.Debug|x64.Build.0 = Debug|x64
		{B8BB88A9-46F9-4278-8D33-4C68809D2719}.Debug|x86.ActiveCfg = Debug|Win32
		{B8BB88A9-46F9-4278-8D33-4C68809D2719}.Debug|x86.Build.0 = Debug|Win32
		{B8BB88A9-46F9-4278-8D33-4C68809D2719}.Release|x64.ActiveCfg = Release|x64
		{B8BB88A9-46F9-4278-8D33-4C68809D2719}.Release|x64.Build.0 = Release|x64
		{B8BB88A9-46F9-4278-8D33-4C68809D2719}.Release|x86.ActiveCfg = Release|Win32
		{B8BB88A9-46F9-4278-8D33-4C68809D2719}.Release|x86.Build.0 = Release|Win32
	EndGlobalSection
	GlobalSection(SolutionProperties) = preSolution
		HideSolutionNode = FALSE
	EndGlobalSection
	GlobalSection(ExtensibilityGlobals) = postSolution
		SolutionGuid = {39BC9F91-916F-44DA-8258-38C96F30F985}
	EndGlobalSection
EndGlobal
